// !$*UTF8*$!
{
	archiveVersion = 1;
	classes = {
	};
	objectVersion = 55;
	objects = {

/* Begin PBXBuildFile section */
		3B140B23295225B200B07F7A /* DetailViewModel.swift in Sources */ = {isa = PBXBuildFile; fileRef = 3B140B22295225B200B07F7A /* DetailViewModel.swift */; };
		3B140B252952270700B07F7A /* FoodCart.swift in Sources */ = {isa = PBXBuildFile; fileRef = 3B140B242952270700B07F7A /* FoodCart.swift */; };
		3B140B272952279500B07F7A /* CRUDResponse.swift in Sources */ = {isa = PBXBuildFile; fileRef = 3B140B262952279500B07F7A /* CRUDResponse.swift */; };
		3B140B2929522F3B00B07F7A /* FoodCartResponse.swift in Sources */ = {isa = PBXBuildFile; fileRef = 3B140B2829522F3B00B07F7A /* FoodCartResponse.swift */; };
		3B140B2D295233F200B07F7A /* CartScreen.swift in Sources */ = {isa = PBXBuildFile; fileRef = 3B140B2C295233F200B07F7A /* CartScreen.swift */; };
		3B140B3029524AE500B07F7A /* CartViewModel.swift in Sources */ = {isa = PBXBuildFile; fileRef = 3B140B2F29524AE500B07F7A /* CartViewModel.swift */; };
		3B339DD429478E9000754842 /* AppDelegate.swift in Sources */ = {isa = PBXBuildFile; fileRef = 3B339DD329478E9000754842 /* AppDelegate.swift */; };
		3B339DD629478E9000754842 /* SceneDelegate.swift in Sources */ = {isa = PBXBuildFile; fileRef = 3B339DD529478E9000754842 /* SceneDelegate.swift */; };
		3B339DD829478E9000754842 /* HomeScreen.swift in Sources */ = {isa = PBXBuildFile; fileRef = 3B339DD729478E9000754842 /* HomeScreen.swift */; };
		3B339DDB29478E9000754842 /* Main.storyboard in Resources */ = {isa = PBXBuildFile; fileRef = 3B339DD929478E9000754842 /* Main.storyboard */; };
		3B339DDD29478E9100754842 /* Assets.xcassets in Resources */ = {isa = PBXBuildFile; fileRef = 3B339DDC29478E9100754842 /* Assets.xcassets */; };
		3B339DE029478E9100754842 /* LaunchScreen.storyboard in Resources */ = {isa = PBXBuildFile; fileRef = 3B339DDE29478E9100754842 /* LaunchScreen.storyboard */; };
		3B6D6246294CAFC200D4B881 /* CategoryCell.swift in Sources */ = {isa = PBXBuildFile; fileRef = 3B6D6245294CAFC200D4B881 /* CategoryCell.swift */; };
		3B6D624A294CF6F600D4B881 /* Filter.swift in Sources */ = {isa = PBXBuildFile; fileRef = 3B6D6249294CF6F600D4B881 /* Filter.swift */; };
		3BA3F7C6294B8E9E00E0931F /* FilterScreen.swift in Sources */ = {isa = PBXBuildFile; fileRef = 3BA3F7C5294B8E9E00E0931F /* FilterScreen.swift */; };
		3BA3F7CA294B99BB00E0931F /* RxSwift in Frameworks */ = {isa = PBXBuildFile; productRef = 3BA3F7C9294B99BB00E0931F /* RxSwift */; };
		3BA3F7CD294B99FB00E0931F /* Alamofire in Frameworks */ = {isa = PBXBuildFile; productRef = 3BA3F7CC294B99FB00E0931F /* Alamofire */; };
		3BA3F7D1294B9EA300E0931F /* FoodViewCell.swift in Sources */ = {isa = PBXBuildFile; fileRef = 3BA3F7D0294B9EA300E0931F /* FoodViewCell.swift */; };
		3BA3F7D3294BA75200E0931F /* Food.swift in Sources */ = {isa = PBXBuildFile; fileRef = 3BA3F7D2294BA75200E0931F /* Food.swift */; };
		3BA3F7D5294BA94D00E0931F /* HomeViewModel.swift in Sources */ = {isa = PBXBuildFile; fileRef = 3BA3F7D4294BA94D00E0931F /* HomeViewModel.swift */; };
		3BA3F7D7294BA99A00E0931F /* FoodsDaoRepo.swift in Sources */ = {isa = PBXBuildFile; fileRef = 3BA3F7D6294BA99A00E0931F /* FoodsDaoRepo.swift */; };
		3BA3F7D9294BA9FF00E0931F /* FoodResponse.swift in Sources */ = {isa = PBXBuildFile; fileRef = 3BA3F7D8294BA9FF00E0931F /* FoodResponse.swift */; };
		3BA3F7DC294BB01300E0931F /* Kingfisher in Frameworks */ = {isa = PBXBuildFile; productRef = 3BA3F7DB294BB01300E0931F /* Kingfisher */; };
		3BC9AFBA2950FF6700426389 /* DetailScreen.swift in Sources */ = {isa = PBXBuildFile; fileRef = 3BC9AFB92950FF6700426389 /* DetailScreen.swift */; };
/* End PBXBuildFile section */

/* Begin PBXFileReference section */
		3B140B22295225B200B07F7A /* DetailViewModel.swift */ = {isa = PBXFileReference; lastKnownFileType = sourcecode.swift; path = DetailViewModel.swift; sourceTree = "<group>"; };
		3B140B242952270700B07F7A /* FoodCart.swift */ = {isa = PBXFileReference; lastKnownFileType = sourcecode.swift; path = FoodCart.swift; sourceTree = "<group>"; };
		3B140B262952279500B07F7A /* CRUDResponse.swift */ = {isa = PBXFileReference; lastKnownFileType = sourcecode.swift; path = CRUDResponse.swift; sourceTree = "<group>"; };
		3B140B2829522F3B00B07F7A /* FoodCartResponse.swift */ = {isa = PBXFileReference; lastKnownFileType = sourcecode.swift; path = FoodCartResponse.swift; sourceTree = "<group>"; };
		3B140B2C295233F200B07F7A /* CartScreen.swift */ = {isa = PBXFileReference; lastKnownFileType = sourcecode.swift; path = CartScreen.swift; sourceTree = "<group>"; };
		3B140B2F29524AE500B07F7A /* CartViewModel.swift */ = {isa = PBXFileReference; lastKnownFileType = sourcecode.swift; path = CartViewModel.swift; sourceTree = "<group>"; };
		3B339DD029478E9000754842 /* FoodApp.app */ = {isa = PBXFileReference; explicitFileType = wrapper.application; includeInIndex = 0; path = FoodApp.app; sourceTree = BUILT_PRODUCTS_DIR; };
		3B339DD329478E9000754842 /* AppDelegate.swift */ = {isa = PBXFileReference; lastKnownFileType = sourcecode.swift; path = AppDelegate.swift; sourceTree = "<group>"; };
		3B339DD529478E9000754842 /* SceneDelegate.swift */ = {isa = PBXFileReference; lastKnownFileType = sourcecode.swift; path = SceneDelegate.swift; sourceTree = "<group>"; };
		3B339DD729478E9000754842 /* HomeScreen.swift */ = {isa = PBXFileReference; lastKnownFileType = sourcecode.swift; path = HomeScreen.swift; sourceTree = "<group>"; };
		3B339DDA29478E9000754842 /* Base */ = {isa = PBXFileReference; lastKnownFileType = file.storyboard; name = Base; path = Base.lproj/Main.storyboard; sourceTree = "<group>"; };
		3B339DDC29478E9100754842 /* Assets.xcassets */ = {isa = PBXFileReference; lastKnownFileType = folder.assetcatalog; path = Assets.xcassets; sourceTree = "<group>"; };
		3B339DDF29478E9100754842 /* Base */ = {isa = PBXFileReference; lastKnownFileType = file.storyboard; name = Base; path = Base.lproj/LaunchScreen.storyboard; sourceTree = "<group>"; };
		3B339DE129478E9100754842 /* Info.plist */ = {isa = PBXFileReference; lastKnownFileType = text.plist.xml; path = Info.plist; sourceTree = "<group>"; };
		3B6D6245294CAFC200D4B881 /* CategoryCell.swift */ = {isa = PBXFileReference; lastKnownFileType = sourcecode.swift; path = CategoryCell.swift; sourceTree = "<group>"; };
		3B6D6249294CF6F600D4B881 /* Filter.swift */ = {isa = PBXFileReference; lastKnownFileType = sourcecode.swift; path = Filter.swift; sourceTree = "<group>"; };
		3BA3F7C5294B8E9E00E0931F /* FilterScreen.swift */ = {isa = PBXFileReference; lastKnownFileType = sourcecode.swift; path = FilterScreen.swift; sourceTree = "<group>"; };
		3BA3F7D0294B9EA300E0931F /* FoodViewCell.swift */ = {isa = PBXFileReference; lastKnownFileType = sourcecode.swift; path = FoodViewCell.swift; sourceTree = "<group>"; };
		3BA3F7D2294BA75200E0931F /* Food.swift */ = {isa = PBXFileReference; lastKnownFileType = sourcecode.swift; path = Food.swift; sourceTree = "<group>"; };
		3BA3F7D4294BA94D00E0931F /* HomeViewModel.swift */ = {isa = PBXFileReference; lastKnownFileType = sourcecode.swift; path = HomeViewModel.swift; sourceTree = "<group>"; };
		3BA3F7D6294BA99A00E0931F /* FoodsDaoRepo.swift */ = {isa = PBXFileReference; lastKnownFileType = sourcecode.swift; path = FoodsDaoRepo.swift; sourceTree = "<group>"; };
		3BA3F7D8294BA9FF00E0931F /* FoodResponse.swift */ = {isa = PBXFileReference; lastKnownFileType = sourcecode.swift; path = FoodResponse.swift; sourceTree = "<group>"; };
		3BC9AFB92950FF6700426389 /* DetailScreen.swift */ = {isa = PBXFileReference; lastKnownFileType = sourcecode.swift; path = DetailScreen.swift; sourceTree = "<group>"; };
/* End PBXFileReference section */

/* Begin PBXFrameworksBuildPhase section */
		3B339DCD29478E9000754842 /* Frameworks */ = {
			isa = PBXFrameworksBuildPhase;
			buildActionMask = 2147483647;
			files = (
				3BA3F7DC294BB01300E0931F /* Kingfisher in Frameworks */,
				3BA3F7CA294B99BB00E0931F /* RxSwift in Frameworks */,
				3BA3F7CD294B99FB00E0931F /* Alamofire in Frameworks */,
			);
			runOnlyForDeploymentPostprocessing = 0;
		};
/* End PBXFrameworksBuildPhase section */

/* Begin PBXGroup section */
		3B339DC729478E9000754842 = {
			isa = PBXGroup;
			children = (
				3B339DD229478E9000754842 /* FoodApp */,
				3B339DD129478E9000754842 /* Products */,
			);
			sourceTree = "<group>";
		};
		3B339DD129478E9000754842 /* Products */ = {
			isa = PBXGroup;
			children = (
				3B339DD029478E9000754842 /* FoodApp.app */,
			);
			name = Products;
			sourceTree = "<group>";
		};
		3B339DD229478E9000754842 /* FoodApp */ = {
			isa = PBXGroup;
			children = (
				3B339DE729478F9000754842 /* common */,
				3B4B93CA2948648500723D5A /* data */,
				3B4B93C92948640200723D5A /* ui */,
				3B339DD929478E9000754842 /* Main.storyboard */,
				3B339DDC29478E9100754842 /* Assets.xcassets */,
				3B339DDE29478E9100754842 /* LaunchScreen.storyboard */,
				3B339DE129478E9100754842 /* Info.plist */,
			);
			path = FoodApp;
			sourceTree = "<group>";
		};
		3B339DE729478F9000754842 /* common */ = {
			isa = PBXGroup;
			children = (
				3B339DD329478E9000754842 /* AppDelegate.swift */,
				3B339DD529478E9000754842 /* SceneDelegate.swift */,
			);
			path = common;
			sourceTree = "<group>";
		};
		3B4B93C92948640200723D5A /* ui */ = {
			isa = PBXGroup;
			children = (
				3BA3F7C7294B955200E0931F /* collection-cells */,
				3B4B93CF294864F900723D5A /* table-view */,
				3B4B93CE294864EB00723D5A /* view-models */,
				3B4B93CB2948649200723D5A /* views */,
			);
			path = ui;
			sourceTree = "<group>";
		};
		3B4B93CA2948648500723D5A /* data */ = {
			isa = PBXGroup;
			children = (
				3B4B93CC294864DB00723D5A /* repo */,
				3B4B93CD294864DE00723D5A /* model */,
			);
			path = data;
			sourceTree = "<group>";
		};
		3B4B93CB2948649200723D5A /* views */ = {
			isa = PBXGroup;
			children = (
				3B339DD729478E9000754842 /* HomeScreen.swift */,
				3BA3F7C5294B8E9E00E0931F /* FilterScreen.swift */,
				3BC9AFB92950FF6700426389 /* DetailScreen.swift */,
				3B140B2C295233F200B07F7A /* CartScreen.swift */,
			);
			path = views;
			sourceTree = "<group>";
		};
		3B4B93CC294864DB00723D5A /* repo */ = {
			isa = PBXGroup;
			children = (
				3BA3F7D6294BA99A00E0931F /* FoodsDaoRepo.swift */,
			);
			path = repo;
			sourceTree = "<group>";
		};
		3B4B93CD294864DE00723D5A /* model */ = {
			isa = PBXGroup;
			children = (
				3BA3F7D2294BA75200E0931F /* Food.swift */,
				3BA3F7D8294BA9FF00E0931F /* FoodResponse.swift */,
				3B6D6249294CF6F600D4B881 /* Filter.swift */,
				3B140B242952270700B07F7A /* FoodCart.swift */,
				3B140B262952279500B07F7A /* CRUDResponse.swift */,
				3B140B2829522F3B00B07F7A /* FoodCartResponse.swift */,
			);
			path = model;
			sourceTree = "<group>";
		};
		3B4B93CE294864EB00723D5A /* view-models */ = {
			isa = PBXGroup;
			children = (
				3BA3F7D4294BA94D00E0931F /* HomeViewModel.swift */,
				3B140B22295225B200B07F7A /* DetailViewModel.swift */,
				3B140B2F29524AE500B07F7A /* CartViewModel.swift */,
			);
			path = "view-models";
			sourceTree = "<group>";
		};
		3B4B93CF294864F900723D5A /* table-view */ = {
			isa = PBXGroup;
			children = (
				3BA3F7D0294B9EA300E0931F /* FoodViewCell.swift */,
			);
			path = "table-view";
			sourceTree = "<group>";
		};
		3BA3F7C7294B955200E0931F /* collection-cells */ = {
			isa = PBXGroup;
			children = (
				3B6D6245294CAFC200D4B881 /* CategoryCell.swift */,
			);
			path = "collection-cells";
			sourceTree = "<group>";
		};
/* End PBXGroup section */

/* Begin PBXNativeTarget section */
		3B339DCF29478E9000754842 /* FoodApp */ = {
			isa = PBXNativeTarget;
			buildConfigurationList = 3B339DE429478E9100754842 /* Build configuration list for PBXNativeTarget "FoodApp" */;
			buildPhases = (
				3B339DCC29478E9000754842 /* Sources */,
				3B339DCD29478E9000754842 /* Frameworks */,
				3B339DCE29478E9000754842 /* Resources */,
			);
			buildRules = (
			);
			dependencies = (
			);
			name = FoodApp;
			packageProductDependencies = (
				3BA3F7C9294B99BB00E0931F /* RxSwift */,
				3BA3F7CC294B99FB00E0931F /* Alamofire */,
				3BA3F7DB294BB01300E0931F /* Kingfisher */,
			);
			productName = FoodApp;
			productReference = 3B339DD029478E9000754842 /* FoodApp.app */;
			productType = "com.apple.product-type.application";
		};
/* End PBXNativeTarget section */

/* Begin PBXProject section */
		3B339DC829478E9000754842 /* Project object */ = {
			isa = PBXProject;
			attributes = {
				BuildIndependentTargetsInParallel = 1;
				LastSwiftUpdateCheck = 1320;
				LastUpgradeCheck = 1320;
				TargetAttributes = {
					3B339DCF29478E9000754842 = {
						CreatedOnToolsVersion = 13.2.1;
					};
				};
			};
			buildConfigurationList = 3B339DCB29478E9000754842 /* Build configuration list for PBXProject "FoodApp" */;
			compatibilityVersion = "Xcode 13.0";
			developmentRegion = en;
			hasScannedForEncodings = 0;
			knownRegions = (
				en,
				Base,
			);
			mainGroup = 3B339DC729478E9000754842;
			packageReferences = (
				3BA3F7C8294B99BB00E0931F /* XCRemoteSwiftPackageReference "RxSwift" */,
				3BA3F7CB294B99FB00E0931F /* XCRemoteSwiftPackageReference "Alamofire" */,
				3BA3F7DA294BB01300E0931F /* XCRemoteSwiftPackageReference "Kingfisher" */,
			);
			productRefGroup = 3B339DD129478E9000754842 /* Products */;
			projectDirPath = "";
			projectRoot = "";
			targets = (
				3B339DCF29478E9000754842 /* FoodApp */,
			);
		};
/* End PBXProject section */

/* Begin PBXResourcesBuildPhase section */
		3B339DCE29478E9000754842 /* Resources */ = {
			isa = PBXResourcesBuildPhase;
			buildActionMask = 2147483647;
			files = (
				3B339DE029478E9100754842 /* LaunchScreen.storyboard in Resources */,
				3B339DDD29478E9100754842 /* Assets.xcassets in Resources */,
				3B339DDB29478E9000754842 /* Main.storyboard in Resources */,
			);
			runOnlyForDeploymentPostprocessing = 0;
		};
/* End PBXResourcesBuildPhase section */

/* Begin PBXSourcesBuildPhase section */
		3B339DCC29478E9000754842 /* Sources */ = {
			isa = PBXSourcesBuildPhase;
			buildActionMask = 2147483647;
			files = (
				3BA3F7D9294BA9FF00E0931F /* FoodResponse.swift in Sources */,
				3B6D624A294CF6F600D4B881 /* Filter.swift in Sources */,
				3B140B2929522F3B00B07F7A /* FoodCartResponse.swift in Sources */,
				3BA3F7D1294B9EA300E0931F /* FoodViewCell.swift in Sources */,
				3B339DD829478E9000754842 /* HomeScreen.swift in Sources */,
				3BA3F7D7294BA99A00E0931F /* FoodsDaoRepo.swift in Sources */,
				3B140B3029524AE500B07F7A /* CartViewModel.swift in Sources */,
				3B140B252952270700B07F7A /* FoodCart.swift in Sources */,
				3BA3F7D5294BA94D00E0931F /* HomeViewModel.swift in Sources */,
				3B140B2D295233F200B07F7A /* CartScreen.swift in Sources */,
				3B339DD429478E9000754842 /* AppDelegate.swift in Sources */,
				3B140B272952279500B07F7A /* CRUDResponse.swift in Sources */,
				3B339DD629478E9000754842 /* SceneDelegate.swift in Sources */,
				3BC9AFBA2950FF6700426389 /* DetailScreen.swift in Sources */,
				3B140B23295225B200B07F7A /* DetailViewModel.swift in Sources */,
				3BA3F7C6294B8E9E00E0931F /* FilterScreen.swift in Sources */,
				3BA3F7D3294BA75200E0931F /* Food.swift in Sources */,
				3B6D6246294CAFC200D4B881 /* CategoryCell.swift in Sources */,
			);
			runOnlyForDeploymentPostprocessing = 0;
		};
/* End PBXSourcesBuildPhase section */

/* Begin PBXVariantGroup section */
		3B339DD929478E9000754842 /* Main.storyboard */ = {
			isa = PBXVariantGroup;
			children = (
				3B339DDA29478E9000754842 /* Base */,
			);
			name = Main.storyboard;
			sourceTree = "<group>";
		};
		3B339DDE29478E9100754842 /* LaunchScreen.storyboard */ = {
			isa = PBXVariantGroup;
			children = (
				3B339DDF29478E9100754842 /* Base */,
			);
			name = LaunchScreen.storyboard;
			sourceTree = "<group>";
		};
/* End PBXVariantGroup section */

/* Begin XCBuildConfiguration section */
		3B339DE229478E9100754842 /* Debug */ = {
			isa = XCBuildConfiguration;
			buildSettings = {
				ALWAYS_SEARCH_USER_PATHS = NO;
				CLANG_ANALYZER_NONNULL = YES;
				CLANG_ANALYZER_NUMBER_OBJECT_CONVERSION = YES_AGGRESSIVE;
				CLANG_CXX_LANGUAGE_STANDARD = "gnu++17";
				CLANG_CXX_LIBRARY = "libc++";
				CLANG_ENABLE_MODULES = YES;
				CLANG_ENABLE_OBJC_ARC = YES;
				CLANG_ENABLE_OBJC_WEAK = YES;
				CLANG_WARN_BLOCK_CAPTURE_AUTORELEASING = YES;
				CLANG_WARN_BOOL_CONVERSION = YES;
				CLANG_WARN_COMMA = YES;
				CLANG_WARN_CONSTANT_CONVERSION = YES;
				CLANG_WARN_DEPRECATED_OBJC_IMPLEMENTATIONS = YES;
				CLANG_WARN_DIRECT_OBJC_ISA_USAGE = YES_ERROR;
				CLANG_WARN_DOCUMENTATION_COMMENTS = YES;
				CLANG_WARN_EMPTY_BODY = YES;
				CLANG_WARN_ENUM_CONVERSION = YES;
				CLANG_WARN_INFINITE_RECURSION = YES;
				CLANG_WARN_INT_CONVERSION = YES;
				CLANG_WARN_NON_LITERAL_NULL_CONVERSION = YES;
				CLANG_WARN_OBJC_IMPLICIT_RETAIN_SELF = YES;
				CLANG_WARN_OBJC_LITERAL_CONVERSION = YES;
				CLANG_WARN_OBJC_ROOT_CLASS = YES_ERROR;
				CLANG_WARN_QUOTED_INCLUDE_IN_FRAMEWORK_HEADER = YES;
				CLANG_WARN_RANGE_LOOP_ANALYSIS = YES;
				CLANG_WARN_STRICT_PROTOTYPES = YES;
				CLANG_WARN_SUSPICIOUS_MOVE = YES;
				CLANG_WARN_UNGUARDED_AVAILABILITY = YES_AGGRESSIVE;
				CLANG_WARN_UNREACHABLE_CODE = YES;
				CLANG_WARN__DUPLICATE_METHOD_MATCH = YES;
				COPY_PHASE_STRIP = NO;
				DEBUG_INFORMATION_FORMAT = dwarf;
				ENABLE_STRICT_OBJC_MSGSEND = YES;
				ENABLE_TESTABILITY = YES;
				GCC_C_LANGUAGE_STANDARD = gnu11;
				GCC_DYNAMIC_NO_PIC = NO;
				GCC_NO_COMMON_BLOCKS = YES;
				GCC_OPTIMIZATION_LEVEL = 0;
				GCC_PREPROCESSOR_DEFINITIONS = (
					"DEBUG=1",
					"$(inherited)",
				);
				GCC_WARN_64_TO_32_BIT_CONVERSION = YES;
				GCC_WARN_ABOUT_RETURN_TYPE = YES_ERROR;
				GCC_WARN_UNDECLARED_SELECTOR = YES;
				GCC_WARN_UNINITIALIZED_AUTOS = YES_AGGRESSIVE;
				GCC_WARN_UNUSED_FUNCTION = YES;
				GCC_WARN_UNUSED_VARIABLE = YES;
				IPHONEOS_DEPLOYMENT_TARGET = 15.2;
				MTL_ENABLE_DEBUG_INFO = INCLUDE_SOURCE;
				MTL_FAST_MATH = YES;
				ONLY_ACTIVE_ARCH = YES;
				SDKROOT = iphoneos;
				SWIFT_ACTIVE_COMPILATION_CONDITIONS = DEBUG;
				SWIFT_OPTIMIZATION_LEVEL = "-Onone";
			};
			name = Debug;
		};
		3B339DE329478E9100754842 /* Release */ = {
			isa = XCBuildConfiguration;
			buildSettings = {
				ALWAYS_SEARCH_USER_PATHS = NO;
				CLANG_ANALYZER_NONNULL = YES;
				CLANG_ANALYZER_NUMBER_OBJECT_CONVERSION = YES_AGGRESSIVE;
				CLANG_CXX_LANGUAGE_STANDARD = "gnu++17";
				CLANG_CXX_LIBRARY = "libc++";
				CLANG_ENABLE_MODULES = YES;
				CLANG_ENABLE_OBJC_ARC = YES;
				CLANG_ENABLE_OBJC_WEAK = YES;
				CLANG_WARN_BLOCK_CAPTURE_AUTORELEASING = YES;
				CLANG_WARN_BOOL_CONVERSION = YES;
				CLANG_WARN_COMMA = YES;
				CLANG_WARN_CONSTANT_CONVERSION = YES;
				CLANG_WARN_DEPRECATED_OBJC_IMPLEMENTATIONS = YES;
				CLANG_WARN_DIRECT_OBJC_ISA_USAGE = YES_ERROR;
				CLANG_WARN_DOCUMENTATION_COMMENTS = YES;
				CLANG_WARN_EMPTY_BODY = YES;
				CLANG_WARN_ENUM_CONVERSION = YES;
				CLANG_WARN_INFINITE_RECURSION = YES;
				CLANG_WARN_INT_CONVERSION = YES;
				CLANG_WARN_NON_LITERAL_NULL_CONVERSION = YES;
				CLANG_WARN_OBJC_IMPLICIT_RETAIN_SELF = YES;
				CLANG_WARN_OBJC_LITERAL_CONVERSION = YES;
				CLANG_WARN_OBJC_ROOT_CLASS = YES_ERROR;
				CLANG_WARN_QUOTED_INCLUDE_IN_FRAMEWORK_HEADER = YES;
				CLANG_WARN_RANGE_LOOP_ANALYSIS = YES;
				CLANG_WARN_STRICT_PROTOTYPES = YES;
				CLANG_WARN_SUSPICIOUS_MOVE = YES;
				CLANG_WARN_UNGUARDED_AVAILABILITY = YES_AGGRESSIVE;
				CLANG_WARN_UNREACHABLE_CODE = YES;
				CLANG_WARN__DUPLICATE_METHOD_MATCH = YES;
				COPY_PHASE_STRIP = NO;
				DEBUG_INFORMATION_FORMAT = "dwarf-with-dsym";
				ENABLE_NS_ASSERTIONS = NO;
				ENABLE_STRICT_OBJC_MSGSEND = YES;
				GCC_C_LANGUAGE_STANDARD = gnu11;
				GCC_NO_COMMON_BLOCKS = YES;
				GCC_WARN_64_TO_32_BIT_CONVERSION = YES;
				GCC_WARN_ABOUT_RETURN_TYPE = YES_ERROR;
				GCC_WARN_UNDECLARED_SELECTOR = YES;
				GCC_WARN_UNINITIALIZED_AUTOS = YES_AGGRESSIVE;
				GCC_WARN_UNUSED_FUNCTION = YES;
				GCC_WARN_UNUSED_VARIABLE = YES;
				IPHONEOS_DEPLOYMENT_TARGET = 15.2;
				MTL_ENABLE_DEBUG_INFO = NO;
				MTL_FAST_MATH = YES;
				SDKROOT = iphoneos;
				SWIFT_COMPILATION_MODE = wholemodule;
				SWIFT_OPTIMIZATION_LEVEL = "-O";
				VALIDATE_PRODUCT = YES;
			};
			name = Release;
		};
		3B339DE529478E9100754842 /* Debug */ = {
			isa = XCBuildConfiguration;
			buildSettings = {
				ASSETCATALOG_COMPILER_APPICON_NAME = AppIcon;
				ASSETCATALOG_COMPILER_GLOBAL_ACCENT_COLOR_NAME = AccentColor;
				CODE_SIGN_STYLE = Automatic;
				CURRENT_PROJECT_VERSION = 1;
				GENERATE_INFOPLIST_FILE = YES;
				INFOPLIST_FILE = FoodApp/Info.plist;
				INFOPLIST_KEY_CFBundleDisplayName = Foode;
				INFOPLIST_KEY_UIApplicationSupportsIndirectInputEvents = YES;
				INFOPLIST_KEY_UILaunchStoryboardName = LaunchScreen;
				INFOPLIST_KEY_UIMainStoryboardFile = Main;
				INFOPLIST_KEY_UISupportedInterfaceOrientations_iPad = "UIInterfaceOrientationPortrait UIInterfaceOrientationPortraitUpsideDown UIInterfaceOrientationLandscapeLeft UIInterfaceOrientationLandscapeRight";
				INFOPLIST_KEY_UISupportedInterfaceOrientations_iPhone = "UIInterfaceOrientationPortrait UIInterfaceOrientationLandscapeLeft UIInterfaceOrientationLandscapeRight";
				LD_RUNPATH_SEARCH_PATHS = (
					"$(inherited)",
					"@executable_path/Frameworks",
				);
				MARKETING_VERSION = 1.0;
				PRODUCT_BUNDLE_IDENTIFIER = com.nihadallahveranov.FoodApp;
				PRODUCT_NAME = "$(TARGET_NAME)";
				SWIFT_EMIT_LOC_STRINGS = YES;
				SWIFT_VERSION = 5.0;
				TARGETED_DEVICE_FAMILY = "1,2";
			};
			name = Debug;
		};
		3B339DE629478E9100754842 /* Release */ = {
			isa = XCBuildConfiguration;
			buildSettings = {
				ASSETCATALOG_COMPILER_APPICON_NAME = AppIcon;
				ASSETCATALOG_COMPILER_GLOBAL_ACCENT_COLOR_NAME = AccentColor;
				CODE_SIGN_STYLE = Automatic;
				CURRENT_PROJECT_VERSION = 1;
				GENERATE_INFOPLIST_FILE = YES;
				INFOPLIST_FILE = FoodApp/Info.plist;
				INFOPLIST_KEY_CFBundleDisplayName = Foode;
				INFOPLIST_KEY_UIApplicationSupportsIndirectInputEvents = YES;
				INFOPLIST_KEY_UILaunchStoryboardName = LaunchScreen;
				INFOPLIST_KEY_UIMainStoryboardFile = Main;
				INFOPLIST_KEY_UISupportedInterfaceOrientations_iPad = "UIInterfaceOrientationPortrait UIInterfaceOrientationPortraitUpsideDown UIInterfaceOrientationLandscapeLeft UIInterfaceOrientationLandscapeRight";
				INFOPLIST_KEY_UISupportedInterfaceOrientations_iPhone = "UIInterfaceOrientationPortrait UIInterfaceOrientationLandscapeLeft UIInterfaceOrientationLandscapeRight";
				LD_RUNPATH_SEARCH_PATHS = (
					"$(inherited)",
					"@executable_path/Frameworks",
				);
				MARKETING_VERSION = 1.0;
				PRODUCT_BUNDLE_IDENTIFIER = com.nihadallahveranov.FoodApp;
				PRODUCT_NAME = "$(TARGET_NAME)";
				SWIFT_EMIT_LOC_STRINGS = YES;
				SWIFT_VERSION = 5.0;
				TARGETED_DEVICE_FAMILY = "1,2";
			};
			name = Release;
		};
/* End XCBuildConfiguration section */

/* Begin XCConfigurationList section */
		3B339DCB29478E9000754842 /* Build configuration list for PBXProject "FoodApp" */ = {
			isa = XCConfigurationList;
			buildConfigurations = (
				3B339DE229478E9100754842 /* Debug */,
				3B339DE329478E9100754842 /* Release */,
			);
			defaultConfigurationIsVisible = 0;
			defaultConfigurationName = Release;
		};
		3B339DE429478E9100754842 /* Build configuration list for PBXNativeTarget "FoodApp" */ = {
			isa = XCConfigurationList;
			buildConfigurations = (
				3B339DE529478E9100754842 /* Debug */,
				3B339DE629478E9100754842 /* Release */,
			);
			defaultConfigurationIsVisible = 0;
			defaultConfigurationName = Release;
		};
/* End XCConfigurationList section */

/* Begin XCRemoteSwiftPackageReference section */
		3BA3F7C8294B99BB00E0931F /* XCRemoteSwiftPackageReference "RxSwift" */ = {
			isa = XCRemoteSwiftPackageReference;
			repositoryURL = "https://github.com/ReactiveX/RxSwift";
			requirement = {
				branch = main;
				kind = branch;
			};
		};
		3BA3F7CB294B99FB00E0931F /* XCRemoteSwiftPackageReference "Alamofire" */ = {
			isa = XCRemoteSwiftPackageReference;
			repositoryURL = "https://github.com/Alamofire/Alamofire";
			requirement = {
				branch = master;
				kind = branch;
			};
		};
		3BA3F7DA294BB01300E0931F /* XCRemoteSwiftPackageReference "Kingfisher" */ = {
			isa = XCRemoteSwiftPackageReference;
			repositoryURL = "https://github.com/onevcat/Kingfisher.git";
			requirement = {
				branch = master;
				kind = branch;
			};
		};
/* End XCRemoteSwiftPackageReference section */

/* Begin XCSwiftPackageProductDependency section */
		3BA3F7C9294B99BB00E0931F /* RxSwift */ = {
			isa = XCSwiftPackageProductDependency;
			package = 3BA3F7C8294B99BB00E0931F /* XCRemoteSwiftPackageReference "RxSwift" */;
			productName = RxSwift;
		};
		3BA3F7CC294B99FB00E0931F /* Alamofire */ = {
			isa = XCSwiftPackageProductDependency;
			package = 3BA3F7CB294B99FB00E0931F /* XCRemoteSwiftPackageReference "Alamofire" */;
			productName = Alamofire;
		};
		3BA3F7DB294BB01300E0931F /* Kingfisher */ = {
			isa = XCSwiftPackageProductDependency;
			package = 3BA3F7DA294BB01300E0931F /* XCRemoteSwiftPackageReference "Kingfisher" */;
			productName = Kingfisher;
		};
/* End XCSwiftPackageProductDependency section */
	};
	rootObject = 3B339DC829478E9000754842 /* Project object */;
}
